
Microsoft Visual Studio Solution File, Format Version 12.00
# Visual Studio 15
VisualStudioVersion = 15.0.26430.16
MinimumVisualStudioVersion = 10.0.40219.1
Project("{D954291E-2A0B-460D-934E-DC6B0785DB48}") = "WestmountApp", "WestmountApp\WestmountApp\WestmountApp.shproj", "{F0C05D52-996B-4E5D-A010-C944489689C4}"
EndProject
Project("{FAE04EC0-301F-11D3-BF4B-00C04F79EFBC}") = "WestmountApp.Android", "WestmountApp\WestmountApp.Android\WestmountApp.Android.csproj", "{39DD2BDB-4E1F-437C-8886-B7BADAE63E5C}"
EndProject
Project("{FAE04EC0-301F-11D3-BF4B-00C04F79EFBC}") = "WestmountApp.iOS", "WestmountApp\WestmountApp.iOS\WestmountApp.iOS.csproj", "{2591EE52-456A-406B-9A8D-C42198F4892A}"
EndProject
Global
	GlobalSection(SharedMSBuildProjectFiles) = preSolution
		WestmountApp\WestmountApp\WestmountApp.projitems*{2591ee52-456a-406b-9a8d-c42198f4892a}*SharedItemsImports = 4
		WestmountApp\WestmountApp\WestmountApp.projitems*{39dd2bdb-4e1f-437c-8886-b7badae63e5c}*SharedItemsImports = 4
		WestmountApp\WestmountApp\WestmountApp.projitems*{f0c05d52-996b-4e5d-a010-c944489689c4}*SharedItemsImports = 13
	EndGlobalSection
	GlobalSection(SolutionConfigurationPlatforms) = preSolution
		Ad-Hoc|Any CPU = Ad-Hoc|Any CPU
		Ad-Hoc|iPhone = Ad-Hoc|iPhone
		Ad-Hoc|iPhoneSimulator = Ad-Hoc|iPhoneSimulator
		AppStore|Any CPU = AppStore|Any CPU
		AppStore|iPhone = AppStore|iPhone
		AppStore|iPhoneSimulator = AppStore|iPhoneSimulator
		Debug|Any CPU = Debug|Any CPU
		Debug|iPhone = Debug|iPhone
		Debug|iPhoneSimulator = Debug|iPhoneSimulator
		Release|Any CPU = Release|Any CPU
		Release|iPhone = Release|iPhone
		Release|iPhoneSimulator = Release|iPhoneSimulator
	EndGlobalSection
	GlobalSection(ProjectConfigurationPlatforms) = postSolution
		{39DD2BDB-4E1F-437C-8886-B7BADAE63E5C}.Ad-Hoc|Any CPU.ActiveCfg = Release|Any CPU
		{39DD2BDB-4E1F-437C-8886-B7BADAE63E5C}.Ad-Hoc|Any CPU.Build.0 = Release|Any CPU
		{39DD2BDB-4E1F-437C-8886-B7BADAE63E5C}.Ad-Hoc|Any CPU.Deploy.0 = Release|Any CPU
		{39DD2BDB-4E1F-437C-8886-B7BADAE63E5C}.Ad-Hoc|iPhone.ActiveCfg = Release|Any CPU
		{39DD2BDB-4E1F-437C-8886-B7BADAE63E5C}.Ad-Hoc|iPhone.Build.0 = Release|Any CPU
		{39DD2BDB-4E1F-437C-8886-B7BADAE63E5C}.Ad-Hoc|iPhone.Deploy.0 = Release|Any CPU
		{39DD2BDB-4E1F-437C-8886-B7BADAE63E5C}.Ad-Hoc|iPhoneSimulator.ActiveCfg = Release|Any CPU
		{39DD2BDB-4E1F-437C-8886-B7BADAE63E5C}.Ad-Hoc|iPhoneSimulator.Build.0 = Release|Any CPU
		{39DD2BDB-4E1F-437C-8886-B7BADAE63E5C}.Ad-Hoc|iPhoneSimulator.Deploy.0 = Release|Any CPU
		{39DD2BDB-4E1F-437C-8886-B7BADAE63E5C}.AppStore|Any CPU.ActiveCfg = Release|Any CPU
		{39DD2BDB-4E1F-437C-8886-B7BADAE63E5C}.AppStore|Any CPU.Build.0 = Release|Any CPU
		{39DD2BDB-4E1F-437C-8886-B7BADAE63E5C}.AppStore|Any CPU.Deploy.0 = Release|Any CPU
		{39DD2BDB-4E1F-437C-8886-B7BADAE63E5C}.AppStore|iPhone.ActiveCfg = Release|Any CPU
		{39DD2BDB-4E1F-437C-8886-B7BADAE63E5C}.AppStore|iPhone.Build.0 = Release|Any CPU
		{39DD2BDB-4E1F-437C-8886-B7BADAE63E5C}.AppStore|iPhone.Deploy.0 = Release|Any CPU
		{39DD2BDB-4E1F-437C-8886-B7BADAE63E5C}.AppStore|iPhoneSimulator.ActiveCfg = Release|Any CPU
		{39DD2BDB-4E1F-437C-8886-B7BADAE63E5C}.AppStore|iPhoneSimulator.Build.0 = Release|Any CPU
		{39DD2BDB-4E1F-437C-8886-B7BADAE63E5C}.AppStore|iPhoneSimulator.Deploy.0 = Release|Any CPU
		{39DD2BDB-4E1F-437C-8886-B7BADAE63E5C}.Debug|Any CPU.ActiveCfg = Debug|Any CPU
		{39DD2BDB-4E1F-437C-8886-B7BADAE63E5C}.Debug|Any CPU.Build.0 = Debug|Any CPU
		{39DD2BDB-4E1F-437C-8886-B7BADAE63E5C}.Debug|Any CPU.Deploy.0 = Debug|Any CPU
		{39DD2BDB-4E1F-437C-8886-B7BADAE63E5C}.Debug|iPhone.ActiveCfg = Debug|Any CPU
		{39DD2BDB-4E1F-437C-8886-B7BADAE63E5C}.Debug|iPhone.Build.0 = Debug|Any CPU
		{39DD2BDB-4E1F-437C-8886-B7BADAE63E5C}.Debug|iPhone.Deploy.0 = Debug|Any CPU
		{39DD2BDB-4E1F-437C-8886-B7BADAE63E5C}.Debug|iPhoneSimulator.ActiveCfg = Debug|Any CPU
		{39DD2BDB-4E1F-437C-8886-B7BADAE63E5C}.Debug|iPhoneSimulator.Build.0 = Debug|Any CPU
		{39DD2BDB-4E1F-437C-8886-B7BADAE63E5C}.Debug|iPhoneSimulator.Deploy.0 = Debug|Any CPU
		{39DD2BDB-4E1F-437C-8886-B7BADAE63E5C}.Release|Any CPU.ActiveCfg = Release|Any CPU
		{39DD2BDB-4E1F-437C-8886-B7BADAE63E5C}.Release|Any CPU.Build.0 = Release|Any CPU
		{39DD2BDB-4E1F-437C-8886-B7BADAE63E5C}.Release|Any CPU.Deploy.0 = Release|Any CPU
		{39DD2BDB-4E1F-437C-8886-B7BADAE63E5C}.Release|iPhone.ActiveCfg = Release|Any CPU
		{39DD2BDB-4E1F-437C-8886-B7BADAE63E5C}.Release|iPhone.Build.0 = Release|Any CPU
		{39DD2BDB-4E1F-437C-8886-B7BADAE63E5C}.Release|iPhone.Deploy.0 = Release|Any CPU
		{39DD2BDB-4E1F-437C-8886-B7BADAE63E5C}.Release|iPhoneSimulator.ActiveCfg = Release|Any CPU
		{39DD2BDB-4E1F-437C-8886-B7BADAE63E5C}.Release|iPhoneSimulator.Build.0 = Release|Any CPU
		{39DD2BDB-4E1F-437C-8886-B7BADAE63E5C}.Release|iPhoneSimulator.Deploy.0 = Release|Any CPU
		{2591EE52-456A-406B-9A8D-C42198F4892A}.Ad-Hoc|Any CPU.ActiveCfg = Ad-Hoc|iPhone
		{2591EE52-456A-406B-9A8D-C42198F4892A}.Ad-Hoc|iPhone.ActiveCfg = Ad-Hoc|iPhone
		{2591EE52-456A-406B-9A8D-C42198F4892A}.Ad-Hoc|iPhone.Build.0 = Ad-Hoc|iPhone
		{2591EE52-456A-406B-9A8D-C42198F4892A}.Ad-Hoc|iPhoneSimulator.ActiveCfg = Ad-Hoc|iPhoneSimulator
		{2591EE52-456A-406B-9A8D-C42198F4892A}.Ad-Hoc|iPhoneSimulator.Build.0 = Ad-Hoc|iPhoneSimulator
		{2591EE52-456A-406B-9A8D-C42198F4892A}.AppStore|Any CPU.ActiveCfg = AppStore|iPhone
		{2591EE52-456A-406B-9A8D-C42198F4892A}.AppStore|iPhone.ActiveCfg = AppStore|iPhone
		{2591EE52-456A-406B-9A8D-C42198F4892A}.AppStore|iPhone.Build.0 = AppStore|iPhone
		{2591EE52-456A-406B-9A8D-C42198F4892A}.AppStore|iPhoneSimulator.ActiveCfg = AppStore|iPhoneSimulator
		{2591EE52-456A-406B-9A8D-C42198F4892A}.AppStore|iPhoneSimulator.Build.0 = AppStore|iPhoneSimulator
		{2591EE52-456A-406B-9A8D-C42198F4892A}.Debug|Any CPU.ActiveCfg = Debug|iPhone
		{2591EE52-456A-406B-9A8D-C42198F4892A}.Debug|iPhone.ActiveCfg = Debug|iPhone
		{2591EE52-456A-406B-9A8D-C42198F4892A}.Debug|iPhone.Build.0 = Debug|iPhone
		{2591EE52-456A-406B-9A8D-C42198F4892A}.Debug|iPhoneSimulator.ActiveCfg = Debug|iPhoneSimulator
		{2591EE52-456A-406B-9A8D-C42198F4892A}.Debug|iPhoneSimulator.Build.0 = Debug|iPhoneSimulator
		{2591EE52-456A-406B-9A8D-C42198F4892A}.Release|Any CPU.ActiveCfg = Release|iPhone
		{2591EE52-456A-406B-9A8D-C42198F4892A}.Release|iPhone.ActiveCfg = Release|iPhone
		{2591EE52-456A-406B-9A8D-C42198F4892A}.Release|iPhone.Build.0 = Release|iPhone
		{2591EE52-456A-406B-9A8D-C42198F4892A}.Release|iPhoneSimulator.ActiveCfg = Release|iPhoneSimulator
		{2591EE52-456A-406B-9A8D-C42198F4892A}.Release|iPhoneSimulator.Build.0 = Release|iPhoneSimulator
	EndGlobalSection
	GlobalSection(SolutionProperties) = preSolution
		HideSolutionNode = FALSE
	EndGlobalSection
EndGlobal
